// !$*UTF8*$!
{
	archiveVersion = 1;
	classes = {
	};
	objectVersion = 46;
	objects = {

/* Begin PBXAggregateTarget section */
		F4CE62111AC2F0AD00ED62D7 /* eice-universal */ = {
			isa = PBXAggregateTarget;
			buildConfigurationList = F4CE62121AC2F0AD00ED62D7 /* Build configuration list for PBXAggregateTarget "eice-universal" */;
			buildPhases = (
				F4CE62151AC2F0B600ED62D7 /* ShellScript */,
			);
			dependencies = (
			);
			name = "eice-universal";
			productName = "eice-universal";
		};
/* End PBXAggregateTarget section */

/* Begin PBXBuildFile section */
		F4CE62091AC2EE7000ED62D7 /* eice.cpp in Sources */ = {isa = PBXBuildFile; fileRef = F4CE62061AC2EE7000ED62D7 /* eice.cpp */; };
		F4CE620A1AC2EE7000ED62D7 /* jsoncpp.cpp in Sources */ = {isa = PBXBuildFile; fileRef = F4CE62081AC2EE7000ED62D7 /* jsoncpp.cpp */; };
		F4CE62171AC2F49D00ED62D7 /* eice.h in CopyFiles */ = {isa = PBXBuildFile; fileRef = F4CE62071AC2EE7000ED62D7 /* eice.h */; };
		F4E601CC1ADBB3510039C780 /* libpj-arm-apple-darwin9.a in Frameworks */ = {isa = PBXBuildFile; fileRef = F4E601C91ADBB3510039C780 /* libpj-arm-apple-darwin9.a */; };
		F4E601CD1ADBB3510039C780 /* libpjlib-util-arm-apple-darwin9.a in Frameworks */ = {isa = PBXBuildFile; fileRef = F4E601CA1ADBB3510039C780 /* libpjlib-util-arm-apple-darwin9.a */; };
		F4E601CE1ADBB3510039C780 /* libpjnath-arm-apple-darwin9.a in Frameworks */ = {isa = PBXBuildFile; fileRef = F4E601CB1ADBB3510039C780 /* libpjnath-arm-apple-darwin9.a */; };
/* End PBXBuildFile section */

/* Begin PBXCopyFilesBuildPhase section */
		F4CE61EA1AC2EC7300ED62D7 /* CopyFiles */ = {
			isa = PBXCopyFilesBuildPhase;
			buildActionMask = 2147483647;
			dstPath = "include/$(PRODUCT_NAME)";
			dstSubfolderSpec = 16;
			files = (
				F4CE62171AC2F49D00ED62D7 /* eice.h in CopyFiles */,
			);
			runOnlyForDeploymentPostprocessing = 0;
		};
/* End PBXCopyFilesBuildPhase section */

/* Begin PBXFileReference section */
		F4CE61EC1AC2EC7300ED62D7 /* libeice.a */ = {isa = PBXFileReference; explicitFileType = archive.ar; includeInIndex = 0; path = libeice.a; sourceTree = BUILT_PRODUCTS_DIR; };
		F4CE62061AC2EE7000ED62D7 /* eice.cpp */ = {isa = PBXFileReference; fileEncoding = 4; lastKnownFileType = sourcecode.cpp.cpp; name = eice.cpp; path = src/eice.cpp; sourceTree = SOURCE_ROOT; };
		F4CE62071AC2EE7000ED62D7 /* eice.h */ = {isa = PBXFileReference; fileEncoding = 4; lastKnownFileType = sourcecode.c.h; name = eice.h; path = src/eice.h; sourceTree = SOURCE_ROOT; };
		F4CE62081AC2EE7000ED62D7 /* jsoncpp.cpp */ = {isa = PBXFileReference; fileEncoding = 4; lastKnownFileType = sourcecode.cpp.cpp; name = jsoncpp.cpp; path = src/jsoncpp.cpp; sourceTree = SOURCE_ROOT; };
		F4E601C91ADBB3510039C780 /* libpj-arm-apple-darwin9.a */ = {isa = PBXFileReference; lastKnownFileType = archive.ar; name = "libpj-arm-apple-darwin9.a"; path = "pjlib/lib/libpj-arm-apple-darwin9.a"; sourceTree = "<group>"; };
		F4E601CA1ADBB3510039C780 /* libpjlib-util-arm-apple-darwin9.a */ = {isa = PBXFileReference; lastKnownFileType = archive.ar; name = "libpjlib-util-arm-apple-darwin9.a"; path = "pjlib/lib/libpjlib-util-arm-apple-darwin9.a"; sourceTree = "<group>"; };
		F4E601CB1ADBB3510039C780 /* libpjnath-arm-apple-darwin9.a */ = {isa = PBXFileReference; lastKnownFileType = archive.ar; name = "libpjnath-arm-apple-darwin9.a"; path = "pjlib/lib/libpjnath-arm-apple-darwin9.a"; sourceTree = "<group>"; };
/* End PBXFileReference section */

/* Begin PBXFrameworksBuildPhase section */
		F4CE61E91AC2EC7300ED62D7 /* Frameworks */ = {
			isa = PBXFrameworksBuildPhase;
			buildActionMask = 2147483647;
			files = (
				F4E601CC1ADBB3510039C780 /* libpj-arm-apple-darwin9.a in Frameworks */,
				F4E601CD1ADBB3510039C780 /* libpjlib-util-arm-apple-darwin9.a in Frameworks */,
				F4E601CE1ADBB3510039C780 /* libpjnath-arm-apple-darwin9.a in Frameworks */,
			);
			runOnlyForDeploymentPostprocessing = 0;
		};
/* End PBXFrameworksBuildPhase section */

/* Begin PBXGroup section */
		F4CE61E31AC2EC7300ED62D7 = {
			isa = PBXGroup;
			children = (
				F4E601C91ADBB3510039C780 /* libpj-arm-apple-darwin9.a */,
				F4E601CA1ADBB3510039C780 /* libpjlib-util-arm-apple-darwin9.a */,
				F4E601CB1ADBB3510039C780 /* libpjnath-arm-apple-darwin9.a */,
				F4CE61EE1AC2EC7300ED62D7 /* eice */,
				F4CE61ED1AC2EC7300ED62D7 /* Products */,
			);
			sourceTree = "<group>";
		};
		F4CE61ED1AC2EC7300ED62D7 /* Products */ = {
			isa = PBXGroup;
			children = (
				F4CE61EC1AC2EC7300ED62D7 /* libeice.a */,
			);
			name = Products;
			sourceTree = "<group>";
		};
		F4CE61EE1AC2EC7300ED62D7 /* eice */ = {
			isa = PBXGroup;
			children = (
				F4CE62061AC2EE7000ED62D7 /* eice.cpp */,
				F4CE62071AC2EE7000ED62D7 /* eice.h */,
				F4CE62081AC2EE7000ED62D7 /* jsoncpp.cpp */,
			);
			path = eice;
			sourceTree = "<group>";
		};
/* End PBXGroup section */

/* Begin PBXNativeTarget section */
		F4CE61EB1AC2EC7300ED62D7 /* eice */ = {
			isa = PBXNativeTarget;
			buildConfigurationList = F4CE62001AC2EC7300ED62D7 /* Build configuration list for PBXNativeTarget "eice" */;
			buildPhases = (
				F4CE61E81AC2EC7300ED62D7 /* Sources */,
				F4CE61E91AC2EC7300ED62D7 /* Frameworks */,
				F4CE61EA1AC2EC7300ED62D7 /* CopyFiles */,
			);
			buildRules = (
			);
			dependencies = (
			);
			name = eice;
			productName = eice;
			productReference = F4CE61EC1AC2EC7300ED62D7 /* libeice.a */;
			productType = "com.apple.product-type.library.static";
		};
/* End PBXNativeTarget section */

/* Begin PBXProject section */
		F4CE61E41AC2EC7300ED62D7 /* Project object */ = {
			isa = PBXProject;
			attributes = {
				LastUpgradeCheck = 0610;
				ORGANIZATIONNAME = easemob;
				TargetAttributes = {
					F4CE61EB1AC2EC7300ED62D7 = {
						CreatedOnToolsVersion = 6.1.1;
					};
					F4CE62111AC2F0AD00ED62D7 = {
						CreatedOnToolsVersion = 6.1.1;
					};
				};
			};
			buildConfigurationList = F4CE61E71AC2EC7300ED62D7 /* Build configuration list for PBXProject "eice" */;
			compatibilityVersion = "Xcode 3.2";
			developmentRegion = English;
			hasScannedForEncodings = 0;
			knownRegions = (
				en,
			);
			mainGroup = F4CE61E31AC2EC7300ED62D7;
			productRefGroup = F4CE61ED1AC2EC7300ED62D7 /* Products */;
			projectDirPath = "";
			projectRoot = "";
			targets = (
				F4CE61EB1AC2EC7300ED62D7 /* eice */,
				F4CE62111AC2F0AD00ED62D7 /* eice-universal */,
			);
		};
/* End PBXProject section */

/* Begin PBXShellScriptBuildPhase section */
		F4CE62151AC2F0B600ED62D7 /* ShellScript */ = {
			isa = PBXShellScriptBuildPhase;
			buildActionMask = 2147483647;
			files = (
			);
			inputPaths = (
			);
			outputPaths = (
			);
			runOnlyForDeploymentPostprocessing = 0;
			shellPath = /bin/sh;
			shellScript = "# define output folder environment variable\nUNIVERSAL_OUTPUTFOLDER=${BUILD_DIR}/${CONFIGURATION}-universal\n\n# Step 1. Build Device and Simulator versions\nxcodebuild -target eice ONLY_ACTIVE_ARCH=NO -configuration ${CONFIGURATION} -sdk iphoneos  BUILD_DIR=\"${BUILD_DIR}\" BUILD_ROOT=\"${BUILD_ROOT}\"\n# xcodebuild -target eice -configuration ${CONFIGURATION} -sdk iphonesimulator -arch i386 BUILD_DIR=\"${BUILD_DIR}\" BUILD_ROOT=\"${BUILD_ROOT}\"\nxcodebuild -target eice -configuration ${CONFIGURATION} -sdk iphonesimulator BUILD_DIR=\"${BUILD_DIR}\" BUILD_ROOT=\"${BUILD_ROOT}\"\n\n# make sure the output directory exists\nmkdir -p \"${UNIVERSAL_OUTPUTFOLDER}\"\n\n# Step 2. Create universal binary file using lipo\nlipo -create -output \"${UNIVERSAL_OUTPUTFOLDER}/lib${PROJECT_NAME}.a\" \"${BUILD_DIR}/${CONFIGURATION}-iphoneos/lib${PROJECT_NAME}.a\" \"${BUILD_DIR}/${CONFIGURATION}-iphonesimulator/lib${PROJECT_NAME}.a\"\n\n# Last touch. copy the header files. Just for convenience\n# cp -R \"${BUILD_DIR}/${CONFIGURATION}-iphoneos/include\" \"${UNIVERSAL_OUTPUTFOLDER}/\"";
		};
/* End PBXShellScriptBuildPhase section */

/* Begin PBXSourcesBuildPhase section */
		F4CE61E81AC2EC7300ED62D7 /* Sources */ = {
			isa = PBXSourcesBuildPhase;
			buildActionMask = 2147483647;
			files = (
				F4CE62091AC2EE7000ED62D7 /* eice.cpp in Sources */,
				F4CE620A1AC2EE7000ED62D7 /* jsoncpp.cpp in Sources */,
			);
			runOnlyForDeploymentPostprocessing = 0;
		};
/* End PBXSourcesBuildPhase section */

/* Begin XCBuildConfiguration section */
		F4CE61FE1AC2EC7300ED62D7 /* Debug */ = {
			isa = XCBuildConfiguration;
			buildSettings = {
				ALWAYS_SEARCH_USER_PATHS = NO;
				ARCHS = (
					"$(ARCHS_STANDARD)",
					armv7s,
					i386,
					x86_64,
				);
				CLANG_CXX_LANGUAGE_STANDARD = "gnu++0x";
				CLANG_CXX_LIBRARY = "libc++";
				CLANG_ENABLE_MODULES = YES;
				CLANG_ENABLE_OBJC_ARC = YES;
				CLANG_WARN_BOOL_CONVERSION = YES;
				CLANG_WARN_CONSTANT_CONVERSION = YES;
				CLANG_WARN_DIRECT_OBJC_ISA_USAGE = YES_ERROR;
				CLANG_WARN_EMPTY_BODY = YES;
				CLANG_WARN_ENUM_CONVERSION = YES;
				CLANG_WARN_INT_CONVERSION = YES;
				CLANG_WARN_OBJC_ROOT_CLASS = YES_ERROR;
				CLANG_WARN_UNREACHABLE_CODE = YES;
				CLANG_WARN__DUPLICATE_METHOD_MATCH = YES;
				COPY_PHASE_STRIP = NO;
				ENABLE_STRICT_OBJC_MSGSEND = YES;
				GCC_C_LANGUAGE_STANDARD = gnu99;
				GCC_DYNAMIC_NO_PIC = NO;
				GCC_OPTIMIZATION_LEVEL = 0;
				GCC_PREPROCESSOR_DEFINITIONS = (
					"DEBUG=1",
					"$(inherited)",
				);
				GCC_SYMBOLS_PRIVATE_EXTERN = NO;
				GCC_WARN_64_TO_32_BIT_CONVERSION = YES;
				GCC_WARN_ABOUT_RETURN_TYPE = YES_ERROR;
				GCC_WARN_UNDECLARED_SELECTOR = YES;
				GCC_WARN_UNINITIALIZED_AUTOS = YES_AGGRESSIVE;
				GCC_WARN_UNUSED_FUNCTION = YES;
				GCC_WARN_UNUSED_VARIABLE = YES;
				IPHONEOS_DEPLOYMENT_TARGET = 8.1;
				MTL_ENABLE_DEBUG_INFO = YES;
				ONLY_ACTIVE_ARCH = NO;
				SDKROOT = iphoneos;
			};
			name = Debug;
		};
		F4CE61FF1AC2EC7300ED62D7 /* Release */ = {
			isa = XCBuildConfiguration;
			buildSettings = {
				ALWAYS_SEARCH_USER_PATHS = NO;
				ARCHS = (
					"$(ARCHS_STANDARD)",
					armv7s,
					i386,
					x86_64,
				);
				CLANG_CXX_LANGUAGE_STANDARD = "gnu++0x";
				CLANG_CXX_LIBRARY = "libc++";
				CLANG_ENABLE_MODULES = YES;
				CLANG_ENABLE_OBJC_ARC = YES;
				CLANG_WARN_BOOL_CONVERSION = YES;
				CLANG_WARN_CONSTANT_CONVERSION = YES;
				CLANG_WARN_DIRECT_OBJC_ISA_USAGE = YES_ERROR;
				CLANG_WARN_EMPTY_BODY = YES;
				CLANG_WARN_ENUM_CONVERSION = YES;
				CLANG_WARN_INT_CONVERSION = YES;
				CLANG_WARN_OBJC_ROOT_CLASS = YES_ERROR;
				CLANG_WARN_UNREACHABLE_CODE = YES;
				CLANG_WARN__DUPLICATE_METHOD_MATCH = YES;
				COPY_PHASE_STRIP = YES;
				ENABLE_NS_ASSERTIONS = NO;
				ENABLE_STRICT_OBJC_MSGSEND = YES;
				GCC_C_LANGUAGE_STANDARD = gnu99;
				GCC_WARN_64_TO_32_BIT_CONVERSION = YES;
				GCC_WARN_ABOUT_RETURN_TYPE = YES_ERROR;
				GCC_WARN_UNDECLARED_SELECTOR = YES;
				GCC_WARN_UNINITIALIZED_AUTOS = YES_AGGRESSIVE;
				GCC_WARN_UNUSED_FUNCTION = YES;
				GCC_WARN_UNUSED_VARIABLE = YES;
				IPHONEOS_DEPLOYMENT_TARGET = 8.1;
				MTL_ENABLE_DEBUG_INFO = NO;
				ONLY_ACTIVE_ARCH = NO;
				SDKROOT = iphoneos;
				VALIDATE_PRODUCT = YES;
			};
			name = Release;
		};
		F4CE62011AC2EC7300ED62D7 /* Debug */ = {
			isa = XCBuildConfiguration;
			buildSettings = {
				CLANG_CXX_LIBRARY = "libstdc++";
				GCC_PREPROCESSOR_DEFINITIONS = (
					"DEBUG=1",
					"$(inherited)",
					"PJ_AUTOCONF=1",
				);
				HEADER_SEARCH_PATHS = (
					"$(inherited)",
					/Applications/Xcode.app/Contents/Developer/Toolchains/XcodeDefault.xctoolchain/usr/include,
					"$(PROJECT_DIR)/src",
					"$(PROJECT_DIR)/pjlib/include/pjlib",
					"$(PROJECT_DIR)/pjlib/include/pjlib-util",
					"$(PROJECT_DIR)/pjlib/include/pjnath",
				);
				LIBRARY_SEARCH_PATHS = (
					"$(inherited)",
					"$(PROJECT_DIR)/pjlib/lib",
					"/Users/simon/Desktop/simon/projects/easemob/src/p2p/pjproject-adv/lib/ios-mixed-debug",
					"/Users/simon/Desktop/simon/projects/easemob/src/p2p/pjproject-adv/lib",
					"/Users/simon/Desktop/simon/projects/easemob/src/p2p/pjproject-adv/lib/armv7/pjlib",
					"/Users/simon/Desktop/simon/projects/easemob/src/p2p/pjproject-adv/lib/armv7/pjlib-util",
					"/Users/simon/Desktop/simon/projects/easemob/src/p2p/pjproject-adv/lib/armv7/pjnath",
					"/Users/simon/Desktop/simon/projects/easemob/src/p2p/pjproject-adv/lib/mixed",
				);
				OTHER_LDFLAGS = "-ObjC";
				PRODUCT_NAME = "$(TARGET_NAME)";
				SKIP_INSTALL = YES;
			};
			name = Debug;
		};
		F4CE62021AC2EC7300ED62D7 /* Release */ = {
			isa = XCBuildConfiguration;
			buildSettings = {
				CLANG_CXX_LIBRARY = "libstdc++";
				GCC_PREPROCESSOR_DEFINITIONS = "PJ_AUTOCONF=1";
				HEADER_SEARCH_PATHS = (
					"$(inherited)",
					/Applications/Xcode.app/Contents/Developer/Toolchains/XcodeDefault.xctoolchain/usr/include,
					"$(PROJECT_DIR)/src",
					"$(PROJECT_DIR)/pjlib/include/pjlib",
					"$(PROJECT_DIR)/pjlib/include/pjlib-util",
					"$(PROJECT_DIR)/pjlib/include/pjnath",
				);
				LIBRARY_SEARCH_PATHS = (
					"$(inherited)",
					"$(PROJECT_DIR)/pjlib/lib",
					"/Users/simon/Desktop/simon/projects/easemob/src/p2p/pjproject-adv/lib/ios-mixed-debug",
					"/Users/simon/Desktop/simon/projects/easemob/src/p2p/pjproject-adv/lib",
					"/Users/simon/Desktop/simon/projects/easemob/src/p2p/pjproject-adv/lib/armv7/pjlib",
					"/Users/simon/Desktop/simon/projects/easemob/src/p2p/pjproject-adv/lib/armv7/pjlib-util",
					"/Users/simon/Desktop/simon/projects/easemob/src/p2p/pjproject-adv/lib/armv7/pjnath",
					"/Users/simon/Desktop/simon/projects/easemob/src/p2p/pjproject-adv/lib/mixed",
				);
				OTHER_LDFLAGS = "-ObjC";
				PRODUCT_NAME = "$(TARGET_NAME)";
				SKIP_INSTALL = YES;
			};
			name = Release;
		};
		F4CE62131AC2F0AD00ED62D7 /* Debug */ = {
			isa = XCBuildConfiguration;
			buildSettings = {
				PRODUCT_NAME = "$(TARGET_NAME)";
			};
			name = Debug;
		};
		F4CE62141AC2F0AD00ED62D7 /* Release */ = {
			isa = XCBuildConfiguration;
			buildSettings = {
				PRODUCT_NAME = "$(TARGET_NAME)";
			};
			name = Release;
		};
/* End XCBuildConfiguration section */

/* Begin XCConfigurationList section */
		F4CE61E71AC2EC7300ED62D7 /* Build configuration list for PBXProject "eice" */ = {
			isa = XCConfigurationList;
			buildConfigurations = (
				F4CE61FE1AC2EC7300ED62D7 /* Debug */,
				F4CE61FF1AC2EC7300ED62D7 /* Release */,
			);
			defaultConfigurationIsVisible = 0;
			defaultConfigurationName = Release;
		};
		F4CE62001AC2EC7300ED62D7 /* Build configuration list for PBXNativeTarget "eice" */ = {
			isa = XCConfigurationList;
			buildConfigurations = (
				F4CE62011AC2EC7300ED62D7 /* Debug */,
				F4CE62021AC2EC7300ED62D7 /* Release */,
			);
			defaultConfigurationIsVisible = 0;
			defaultConfigurationName = Release;
		};
		F4CE62121AC2F0AD00ED62D7 /* Build configuration list for PBXAggregateTarget "eice-universal" */ = {
			isa = XCConfigurationList;
			buildConfigurations = (
				F4CE62131AC2F0AD00ED62D7 /* Debug */,
				F4CE62141AC2F0AD00ED62D7 /* Release */,
			);
			defaultConfigurationIsVisible = 0;
			defaultConfigurationName = Release;
		};
/* End XCConfigurationList section */
	};
	rootObject = F4CE61E41AC2EC7300ED62D7 /* Project object */;
}
